dependencies:
- name: crds
  repository: ""
  version: 0.0.0
- name: kube-state-metrics
  repository: https://prometheus-community.github.io/helm-charts
  version: 5.26.0
- name: prometheus-node-exporter
  repository: https://prometheus-community.github.io/helm-charts
  version: 4.40.0
- name: grafana
  repository: https://grafana.github.io/helm-charts
  version: 9.2.7
- name: prometheus-windows-exporter
  repository: https://prometheus-community.github.io/helm-charts
  version: 0.7.1
digest: sha256:3a7530a14325fac343a3c59bf88ae5381ed0bd4b25cc0c763132fe4744d15dca
generated: "2025-06-23T13:28:54.67140943Z"
