dependencies:
- name: crds
  repository: ""
  version: 0.0.0
- name: kube-state-metrics
  repository: https://prometheus-community.github.io/helm-charts
  version: 5.26.0
- name: prometheus-node-exporter
  repository: https://prometheus-community.github.io/helm-charts
  version: 4.47.0
- name: grafana
  repository: https://grafana.github.io/helm-charts
  version: 8.5.12
- name: prometheus-windows-exporter
  repository: https://prometheus-community.github.io/helm-charts
  version: 0.7.1
digest: sha256:7085a10244b603277d31bfd6fccb053e490c20e8722249fb5c208c13863c5d35
generated: "2025-06-23T13:16:56.801598329Z"
