dependencies:
- name: crds
  repository: ""
  version: 0.0.0
- name: kube-state-metrics
  repository: https://prometheus-community.github.io/helm-charts
  version: 5.37.0
- name: prometheus-node-exporter
  repository: https://prometheus-community.github.io/helm-charts
  version: 4.40.0
- name: grafana
  repository: https://grafana.github.io/helm-charts
  version: 8.5.12
- name: prometheus-windows-exporter
  repository: https://prometheus-community.github.io/helm-charts
  version: 0.7.1
digest: sha256:0e35a2b702895a6d2505d698146eb67b5729081ef2250ceee83267b047701084
generated: "2025-06-23T13:16:27.007024239Z"
